// !$*UTF8*$!
{
	archiveVersion = 1;
	classes = {
	};
	objectVersion = 50;
	objects = {

/* Begin PBXBuildFile section */
		DFF8271323C6214A008FAC81 /* AppDelegate.swift in Sources */ = {isa = PBXBuildFile; fileRef = DFF8271223C6214A008FAC81 /* AppDelegate.swift */; };
		DFF8271523C6214A008FAC81 /* SceneDelegate.swift in Sources */ = {isa = PBXBuildFile; fileRef = DFF8271423C6214A008FAC81 /* SceneDelegate.swift */; };
		DFF8271723C6214A008FAC81 /* ViewController.swift in Sources */ = {isa = PBXBuildFile; fileRef = DFF8271623C6214A008FAC81 /* ViewController.swift */; };
		DFF8271A23C6214A008FAC81 /* Main.storyboard in Resources */ = {isa = PBXBuildFile; fileRef = DFF8271823C6214A008FAC81 /* Main.storyboard */; };
		DFF8271C23C6214B008FAC81 /* Assets.xcassets in Resources */ = {isa = PBXBuildFile; fileRef = DFF8271B23C6214B008FAC81 /* Assets.xcassets */; };
		DFF8271F23C6214B008FAC81 /* LaunchScreen.storyboard in Resources */ = {isa = PBXBuildFile; fileRef = DFF8271D23C6214B008FAC81 /* LaunchScreen.storyboard */; };
/* End PBXBuildFile section */

/* Begin PBXFileReference section */
		DFF8270F23C6214A008FAC81 /* GeoFencing.app */ = {isa = PBXFileReference; explicitFileType = wrapper.application; includeInIndex = 0; path = GeoFencing.app; sourceTree = BUILT_PRODUCTS_DIR; };
		DFF8271223C6214A008FAC81 /* AppDelegate.swift */ = {isa = PBXFileReference; lastKnownFileType = sourcecode.swift; path = AppDelegate.swift; sourceTree = "<group>"; };
		DFF8271423C6214A008FAC81 /* SceneDelegate.swift */ = {isa = PBXFileReference; lastKnownFileType = sourcecode.swift; path = SceneDelegate.swift; sourceTree = "<group>"; };
		DFF8271623C6214A008FAC81 /* ViewController.swift */ = {isa = PBXFileReference; lastKnownFileType = sourcecode.swift; path = ViewController.swift; sourceTree = "<group>"; };
		DFF8271923C6214A008FAC81 /* Base */ = {isa = PBXFileReference; lastKnownFileType = file.storyboard; name = Base; path = Base.lproj/Main.storyboard; sourceTree = "<group>"; };
		DFF8271B23C6214B008FAC81 /* Assets.xcassets */ = {isa = PBXFileReference; lastKnownFileType = folder.assetcatalog; path = Assets.xcassets; sourceTree = "<group>"; };
		DFF8271E23C6214B008FAC81 /* Base */ = {isa = PBXFileReference; lastKnownFileType = file.storyboard; name = Base; path = Base.lproj/LaunchScreen.storyboard; sourceTree = "<group>"; };
		DFF8272023C6214B008FAC81 /* Info.plist */ = {isa = PBXFileReference; lastKnownFileType = text.plist.xml; path = Info.plist; sourceTree = "<group>"; };
/* End PBXFileReference section */

/* Begin PBXFrameworksBuildPhase section */
		DFF8270C23C6214A008FAC81 /* Frameworks */ = {
			isa = PBXFrameworksBuildPhase;
			buildActionMask = 2147483647;
			files = (
			);
			runOnlyForDeploymentPostprocessing = 0;
		};
/* End PBXFrameworksBuildPhase section */

/* Begin PBXGroup section */
		DFF8270623C6214A008FAC81 = {
			isa = PBXGroup;
			children = (
				DFF8271123C6214A008FAC81 /* GeoFencing */,
				DFF8271023C6214A008FAC81 /* Products */,
			);
			sourceTree = "<group>";
		};
		DFF8271023C6214A008FAC81 /* Products */ = {
			isa = PBXGroup;
			children = (
				DFF8270F23C6214A008FAC81 /* GeoFencing.app */,
			);
			name = Products;
			sourceTree = "<group>";
		};
		DFF8271123C6214A008FAC81 /* GeoFencing */ = {
			isa = PBXGroup;
			children = (
				DFF8271223C6214A008FAC81 /* AppDelegate.swift */,
				DFF8271423C6214A008FAC81 /* SceneDelegate.swift */,
				DFF8271623C6214A008FAC81 /* ViewController.swift */,
				DFF8271823C6214A008FAC81 /* Main.storyboard */,
				DFF8271B23C6214B008FAC81 /* Assets.xcassets */,
				DFF8271D23C6214B008FAC81 /* LaunchScreen.storyboard */,
				DFF8272023C6214B008FAC81 /* Info.plist */,
			);
			path = GeoFencing;
			sourceTree = "<group>";
		};
/* End PBXGroup section */

/* Begin PBXNativeTarget section */
		DFF8270E23C6214A008FAC81 /* GeoFencing */ = {
			isa = PBXNativeTarget;
			buildConfigurationList = DFF8272323C6214B008FAC81 /* Build configuration list for PBXNativeTarget "GeoFencing" */;
			buildPhases = (
				DFF8270B23C6214A008FAC81 /* Sources */,
				DFF8270C23C6214A008FAC81 /* Frameworks */,
				DFF8270D23C6214A008FAC81 /* Resources */,
			);
			buildRules = (
			);
			dependencies = (
			);
			name = GeoFencing;
			productName = GeoFencing;
			productReference = DFF8270F23C6214A008FAC81 /* GeoFencing.app */;
			productType = "com.apple.product-type.application";
		};
/* End PBXNativeTarget section */

/* Begin PBXProject section */
		DFF8270723C6214A008FAC81 /* Project object */ = {
			isa = PBXProject;
			attributes = {
				LastSwiftUpdateCheck = 1130;
				LastUpgradeCheck = 1130;
				ORGANIZATIONNAME = "Mustafa Khalil";
				TargetAttributes = {
					DFF8270E23C6214A008FAC81 = {
						CreatedOnToolsVersion = 11.3;
					};
				};
			};
			buildConfigurationList = DFF8270A23C6214A008FAC81 /* Build configuration list for PBXProject "GeoFencing" */;
			compatibilityVersion = "Xcode 9.3";
			developmentRegion = en;
			hasScannedForEncodings = 0;
			knownRegions = (
				en,
				Base,
			);
			mainGroup = DFF8270623C6214A008FAC81;
			productRefGroup = DFF8271023C6214A008FAC81 /* Products */;
			projectDirPath = "";
			projectRoot = "";
			targets = (
				DFF8270E23C6214A008FAC81 /* GeoFencing */,
			);
		};
/* End PBXProject section */

/* Begin PBXResourcesBuildPhase section */
		DFF8270D23C6214A008FAC81 /* Resources */ = {
			isa = PBXResourcesBuildPhase;
			buildActionMask = 2147483647;
			files = (
				DFF8271F23C6214B008FAC81 /* LaunchScreen.storyboard in Resources */,
				DFF8271C23C6214B008FAC81 /* Assets.xcassets in Resources */,
				DFF8271A23C6214A008FAC81 /* Main.storyboard in Resources */,
			);
			runOnlyForDeploymentPostprocessing = 0;
		};
/* End PBXResourcesBuildPhase section */

/* Begin PBXSourcesBuildPhase section */
		DFF8270B23C6214A008FAC81 /* Sources */ = {
			isa = PBXSourcesBuildPhase;
			buildActionMask = 2147483647;
			files = (
				DFF8271723C6214A008FAC81 /* ViewController.swift in Sources */,
				DFF8271323C6214A008FAC81 /* AppDelegate.swift in Sources */,
				DFF8271523C6214A008FAC81 /* SceneDelegate.swift in Sources */,
			);
			runOnlyForDeploymentPostprocessing = 0;
		};
/* End PBXSourcesBuildPhase section */

/* Begin PBXVariantGroup section */
		DFF8271823C6214A008FAC81 /* Main.storyboard */ = {
			isa = PBXVariantGroup;
			children = (
				DFF8271923C6214A008FAC81 /* Base */,
			);
			name = Main.storyboard;
			sourceTree = "<group>";
		};
		DFF8271D23C6214B008FAC81 /* LaunchScreen.storyboard */ = {
			isa = PBXVariantGroup;
			children = (
				DFF8271E23C6214B008FAC81 /* Base */,
			);
			name = LaunchScreen.storyboard;
			sourceTree = "<group>";
		};
/* End PBXVariantGroup section */

/* Begin XCBuildConfiguration section */
		DFF8272123C6214B008FAC81 /* Debug */ = {
			isa = XCBuildConfiguration;
			buildSettings = {
				ALWAYS_SEARCH_USER_PATHS = NO;
				CLANG_ANALYZER_NONNULL = YES;
				CLANG_ANALYZER_NUMBER_OBJECT_CONVERSION = YES_AGGRESSIVE;
				CLANG_CXX_LANGUAGE_STANDARD = "gnu++14";
				CLANG_CXX_LIBRARY = "libc++";
				CLANG_ENABLE_MODULES = YES;
				CLANG_ENABLE_OBJC_ARC = YES;
				CLANG_ENABLE_OBJC_WEAK = YES;
				CLANG_WARN_BLOCK_CAPTURE_AUTORELEASING = YES;
				CLANG_WARN_BOOL_CONVERSION = YES;
				CLANG_WARN_COMMA = YES;
				CLANG_WARN_CONSTANT_CONVERSION = YES;
				CLANG_WARN_DEPRECATED_OBJC_IMPLEMENTATIONS = YES;
				CLANG_WARN_DIRECT_OBJC_ISA_USAGE = YES_ERROR;
				CLANG_WARN_DOCUMENTATION_COMMENTS = YES;
				CLANG_WARN_EMPTY_BODY = YES;
				CLANG_WARN_ENUM_CONVERSION = YES;
				CLANG_WARN_INFINITE_RECURSION = YES;
				CLANG_WARN_INT_CONVERSION = YES;
				CLANG_WARN_NON_LITERAL_NULL_CONVERSION = YES;
				CLANG_WARN_OBJC_IMPLICIT_RETAIN_SELF = YES;
				CLANG_WARN_OBJC_LITERAL_CONVERSION = YES;
				CLANG_WARN_OBJC_ROOT_CLASS = YES_ERROR;
				CLANG_WARN_RANGE_LOOP_ANALYSIS = YES;
				CLANG_WARN_STRICT_PROTOTYPES = YES;
				CLANG_WARN_SUSPICIOUS_MOVE = YES;
				CLANG_WARN_UNGUARDED_AVAILABILITY = YES_AGGRESSIVE;
				CLANG_WARN_UNREACHABLE_CODE = YES;
				CLANG_WARN__DUPLICATE_METHOD_MATCH = YES;
				COPY_PHASE_STRIP = NO;
				DEBUG_INFORMATION_FORMAT = dwarf;
				ENABLE_STRICT_OBJC_MSGSEND = YES;
				ENABLE_TESTABILITY = YES;
				GCC_C_LANGUAGE_STANDARD = gnu11;
				GCC_DYNAMIC_NO_PIC = NO;
				GCC_NO_COMMON_BLOCKS = YES;
				GCC_OPTIMIZATION_LEVEL = 0;
				GCC_PREPROCESSOR_DEFINITIONS = (
					"DEBUG=1",
					"$(inherited)",
				);
				GCC_WARN_64_TO_32_BIT_CONVERSION = YES;
				GCC_WARN_ABOUT_RETURN_TYPE = YES_ERROR;
				GCC_WARN_UNDECLARED_SELECTOR = YES;
				GCC_WARN_UNINITIALIZED_AUTOS = YES_AGGRESSIVE;
				GCC_WARN_UNUSED_FUNCTION = YES;
				GCC_WARN_UNUSED_VARIABLE = YES;
				IPHONEOS_DEPLOYMENT_TARGET = 13.2;
				MTL_ENABLE_DEBUG_INFO = INCLUDE_SOURCE;
				MTL_FAST_MATH = YES;
				ONLY_ACTIVE_ARCH = YES;
				SDKROOT = iphoneos;
				SWIFT_ACTIVE_COMPILATION_CONDITIONS = DEBUG;
				SWIFT_OPTIMIZATION_LEVEL = "-Onone";
			};
			name = Debug;
		};
		DFF8272223C6214B008FAC81 /* Release */ = {
			isa = XCBuildConfiguration;
			buildSettings = {
				ALWAYS_SEARCH_USER_PATHS = NO;
				CLANG_ANALYZER_NONNULL = YES;
				CLANG_ANALYZER_NUMBER_OBJECT_CONVERSION = YES_AGGRESSIVE;
				CLANG_CXX_LANGUAGE_STANDARD = "gnu++14";
				CLANG_CXX_LIBRARY = "libc++";
				CLANG_ENABLE_MODULES = YES;
				CLANG_ENABLE_OBJC_ARC = YES;
				CLANG_ENABLE_OBJC_WEAK = YES;
				CLANG_WARN_BLOCK_CAPTURE_AUTORELEASING = YES;
				CLANG_WARN_BOOL_CONVERSION = YES;
				CLANG_WARN_COMMA = YES;
				CLANG_WARN_CONSTANT_CONVERSION = YES;
				CLANG_WARN_DEPRECATED_OBJC_IMPLEMENTATIONS = YES;
				CLANG_WARN_DIRECT_OBJC_ISA_USAGE = YES_ERROR;
				CLANG_WARN_DOCUMENTATION_COMMENTS = YES;
				CLANG_WARN_EMPTY_BODY = YES;
				CLANG_WARN_ENUM_CONVERSION = YES;
				CLANG_WARN_INFINITE_RECURSION = YES;
				CLANG_WARN_INT_CONVERSION = YES;
				CLANG_WARN_NON_LITERAL_NULL_CONVERSION = YES;
				CLANG_WARN_OBJC_IMPLICIT_RETAIN_SELF = YES;
				CLANG_WARN_OBJC_LITERAL_CONVERSION = YES;
				CLANG_WARN_OBJC_ROOT_CLASS = YES_ERROR;
				CLANG_WARN_RANGE_LOOP_ANALYSIS = YES;
				CLANG_WARN_STRICT_PROTOTYPES = YES;
				CLANG_WARN_SUSPICIOUS_MOVE = YES;
				CLANG_WARN_UNGUARDED_AVAILABILITY = YES_AGGRESSIVE;
				CLANG_WARN_UNREACHABLE_CODE = YES;
				CLANG_WARN__DUPLICATE_METHOD_MATCH = YES;
				COPY_PHASE_STRIP = NO;
				DEBUG_INFORMATION_FORMAT = "dwarf-with-dsym";
				ENABLE_NS_ASSERTIONS = NO;
				ENABLE_STRICT_OBJC_MSGSEND = YES;
				GCC_C_LANGUAGE_STANDARD = gnu11;
				GCC_NO_COMMON_BLOCKS = YES;
				GCC_WARN_64_TO_32_BIT_CONVERSION = YES;
				GCC_WARN_ABOUT_RETURN_TYPE = YES_ERROR;
				GCC_WARN_UNDECLARED_SELECTOR = YES;
				GCC_WARN_UNINITIALIZED_AUTOS = YES_AGGRESSIVE;
				GCC_WARN_UNUSED_FUNCTION = YES;
				GCC_WARN_UNUSED_VARIABLE = YES;
				IPHONEOS_DEPLOYMENT_TARGET = 13.2;
				MTL_ENABLE_DEBUG_INFO = NO;
				MTL_FAST_MATH = YES;
				SDKROOT = iphoneos;
				SWIFT_COMPILATION_MODE = wholemodule;
				SWIFT_OPTIMIZATION_LEVEL = "-O";
				VALIDATE_PRODUCT = YES;
			};
			name = Release;
		};
		DFF8272423C6214B008FAC81 /* Debug */ = {
			isa = XCBuildConfiguration;
			buildSettings = {
				ASSETCATALOG_COMPILER_APPICON_NAME = AppIcon;
				CODE_SIGN_STYLE = Automatic;
				DEVELOPMENT_TEAM = 8QAD36SMXZ;
				INFOPLIST_FILE = GeoFencing/Info.plist;
				LD_RUNPATH_SEARCH_PATHS = (
					"$(inherited)",
					"@executable_path/Frameworks",
				);
				PRODUCT_BUNDLE_IDENTIFIER = space.mmk.GeoFencing;
				PRODUCT_NAME = "$(TARGET_NAME)";
				SWIFT_VERSION = 5.0;
				TARGETED_DEVICE_FAMILY = "1,2";
			};
			name = Debug;
		};
		DFF8272523C6214B008FAC81 /* Release */ = {
			isa = XCBuildConfiguration;
			buildSettings = {
				ASSETCATALOG_COMPILER_APPICON_NAME = AppIcon;
				CODE_SIGN_STYLE = Automatic;
				DEVELOPMENT_TEAM = 8QAD36SMXZ;
				INFOPLIST_FILE = GeoFencing/Info.plist;
				LD_RUNPATH_SEARCH_PATHS = (
					"$(inherited)",
					"@executable_path/Frameworks",
				);
				PRODUCT_BUNDLE_IDENTIFIER = space.mmk.GeoFencing;
				PRODUCT_NAME = "$(TARGET_NAME)";
				SWIFT_VERSION = 5.0;
				TARGETED_DEVICE_FAMILY = "1,2";
			};
			name = Release;
		};
/* End XCBuildConfiguration section */

/* Begin XCConfigurationList section */
		DFF8270A23C6214A008FAC81 /* Build configuration list for PBXProject "GeoFencing" */ = {
			isa = XCConfigurationList;
			buildConfigurations = (
				DFF8272123C6214B008FAC81 /* Debug */,
				DFF8272223C6214B008FAC81 /* Release */,
			);
			defaultConfigurationIsVisible = 0;
			defaultConfigurationName = Release;
		};
		DFF8272323C6214B008FAC81 /* Build configuration list for PBXNativeTarget "GeoFencing" */ = {
			isa = XCConfigurationList;
			buildConfigurations = (
				DFF8272423C6214B008FAC81 /* Debug */,
				DFF8272523C6214B008FAC81 /* Release */,
			);
			defaultConfigurationIsVisible = 0;
			defaultConfigurationName = Release;
		};
/* End XCConfigurationList section */
	};
	rootObject = DFF8270723C6214A008FAC81 /* Project object */;
}
